
Microsoft Visual Studio Solution File, Format Version 12.00
# Visual Studio Version 16
VisualStudioVersion = 16.0.30907.101
MinimumVisualStudioVersion = 10.0.40219.1
Project("{FAE04EC0-301F-11D3-BF4B-00C04F79EFBC}") = "NLog_ConsoleApp_NetFramework", "NLog_ConsoleApp_NetFramework.csproj", "{F471F8ED-6FC4-442D-A5F8-0E486317A891}"
EndProject
Project("{9A19103F-16F7-4668-BE54-9A1E7A4F7556}") = "KissLog", "..\..\src\KissLog\KissLog.csproj", "{1011574E-6A01-40EC-82F7-7690D6CD5005}"
EndProject
Project("{9A19103F-16F7-4668-BE54-9A1E7A4F7556}") = "KissLog.Adapters.NLog", "..\..\adapters\KissLog.Adapters.NLog\KissLog.Adapters.NLog.csproj", "{0333895F-BC94-4DCC-BD46-2AA54FE78A80}"
EndProject
Project("{9A19103F-16F7-4668-BE54-9A1E7A4F7556}") = "KissLog.CloudListeners", "..\..\src\KissLog.CloudListeners\KissLog.CloudListeners.csproj", "{A6FDB55C-3093-4AD6-946A-0EBF689DF190}"
EndProject
Global
	GlobalSection(SolutionConfigurationPlatforms) = preSolution
		Debug|Any CPU = Debug|Any CPU
		Release|Any CPU = Release|Any CPU
	EndGlobalSection
	GlobalSection(ProjectConfigurationPlatforms) = postSolution
		{F471F8ED-6FC4-442D-A5F8-0E486317A891}.Debug|Any CPU.ActiveCfg = Debug|Any CPU
		{F471F8ED-6FC4-442D-A5F8-0E486317A891}.Debug|Any CPU.Build.0 = Debug|Any CPU
		{F471F8ED-6FC4-442D-A5F8-0E486317A891}.Release|Any CPU.ActiveCfg = Release|Any CPU
		{F471F8ED-6FC4-442D-A5F8-0E486317A891}.Release|Any CPU.Build.0 = Release|Any CPU
		{1011574E-6A01-40EC-82F7-7690D6CD5005}.Debug|Any CPU.ActiveCfg = Debug|Any CPU
		{1011574E-6A01-40EC-82F7-7690D6CD5005}.Debug|Any CPU.Build.0 = Debug|Any CPU
		{1011574E-6A01-40EC-82F7-7690D6CD5005}.Release|Any CPU.ActiveCfg = Release|Any CPU
		{1011574E-6A01-40EC-82F7-7690D6CD5005}.Release|Any CPU.Build.0 = Release|Any CPU
		{0333895F-BC94-4DCC-BD46-2AA54FE78A80}.Debug|Any CPU.ActiveCfg = Debug|Any CPU
		{0333895F-BC94-4DCC-BD46-2AA54FE78A80}.Debug|Any CPU.Build.0 = Debug|Any CPU
		{0333895F-BC94-4DCC-BD46-2AA54FE78A80}.Release|Any CPU.ActiveCfg = Release|Any CPU
		{0333895F-BC94-4DCC-BD46-2AA54FE78A80}.Release|Any CPU.Build.0 = Release|Any CPU
		{A6FDB55C-3093-4AD6-946A-0EBF689DF190}.Debug|Any CPU.ActiveCfg = Debug|Any CPU
		{A6FDB55C-3093-4AD6-946A-0EBF689DF190}.Debug|Any CPU.Build.0 = Debug|Any CPU
		{A6FDB55C-3093-4AD6-946A-0EBF689DF190}.Release|Any CPU.ActiveCfg = Release|Any CPU
		{A6FDB55C-3093-4AD6-946A-0EBF689DF190}.Release|Any CPU.Build.0 = Release|Any CPU
	EndGlobalSection
	GlobalSection(SolutionProperties) = preSolution
		HideSolutionNode = FALSE
	EndGlobalSection
	GlobalSection(ExtensibilityGlobals) = postSolution
		SolutionGuid = {B1FBEAC6-612C-4A9C-A29F-5AE7B389655A}
	EndGlobalSection
EndGlobal
