
Microsoft Visual Studio Solution File, Format Version 12.00
# Visual Studio Version 17
VisualStudioVersion = 17.2.32630.192
MinimumVisualStudioVersion = 10.0.40219.1
Project("{FAE04EC0-301F-11D3-BF4B-00C04F79EFBC}") = "netframework_ConsoleApp", "netframework_ConsoleApp.csproj", "{998BB7A7-9036-48DF-B74C-67FC827D94E4}"
EndProject
Project("{9A19103F-16F7-4668-BE54-9A1E7A4F7556}") = "KissLog", "..\..\src\KissLog\KissLog.csproj", "{2A8B58BD-13FB-4FC7-B08F-6E3BC3DDA70A}"
EndProject
Project("{9A19103F-16F7-4668-BE54-9A1E7A4F7556}") = "KissLog.RestClient", "..\..\src\KissLog.RestClient\KissLog.RestClient.csproj", "{F06D1B31-444D-40D1-8A93-BEF765DA5A7A}"
EndProject
Project("{9A19103F-16F7-4668-BE54-9A1E7A4F7556}") = "KissLog.CloudListeners", "..\..\src\KissLog.CloudListeners\KissLog.CloudListeners.csproj", "{AC05A930-8FD5-404B-9F50-E199D0CD24BD}"
EndProject
Global
	GlobalSection(SolutionConfigurationPlatforms) = preSolution
		Debug|Any CPU = Debug|Any CPU
		Release|Any CPU = Release|Any CPU
	EndGlobalSection
	GlobalSection(ProjectConfigurationPlatforms) = postSolution
		{998BB7A7-9036-48DF-B74C-67FC827D94E4}.Debug|Any CPU.ActiveCfg = Debug|Any CPU
		{998BB7A7-9036-48DF-B74C-67FC827D94E4}.Debug|Any CPU.Build.0 = Debug|Any CPU
		{998BB7A7-9036-48DF-B74C-67FC827D94E4}.Release|Any CPU.ActiveCfg = Release|Any CPU
		{998BB7A7-9036-48DF-B74C-67FC827D94E4}.Release|Any CPU.Build.0 = Release|Any CPU
		{2A8B58BD-13FB-4FC7-B08F-6E3BC3DDA70A}.Debug|Any CPU.ActiveCfg = Debug|Any CPU
		{2A8B58BD-13FB-4FC7-B08F-6E3BC3DDA70A}.Debug|Any CPU.Build.0 = Debug|Any CPU
		{2A8B58BD-13FB-4FC7-B08F-6E3BC3DDA70A}.Release|Any CPU.ActiveCfg = Release|Any CPU
		{2A8B58BD-13FB-4FC7-B08F-6E3BC3DDA70A}.Release|Any CPU.Build.0 = Release|Any CPU
		{F06D1B31-444D-40D1-8A93-BEF765DA5A7A}.Debug|Any CPU.ActiveCfg = Debug|Any CPU
		{F06D1B31-444D-40D1-8A93-BEF765DA5A7A}.Debug|Any CPU.Build.0 = Debug|Any CPU
		{F06D1B31-444D-40D1-8A93-BEF765DA5A7A}.Release|Any CPU.ActiveCfg = Release|Any CPU
		{F06D1B31-444D-40D1-8A93-BEF765DA5A7A}.Release|Any CPU.Build.0 = Release|Any CPU
		{AC05A930-8FD5-404B-9F50-E199D0CD24BD}.Debug|Any CPU.ActiveCfg = Debug|Any CPU
		{AC05A930-8FD5-404B-9F50-E199D0CD24BD}.Debug|Any CPU.Build.0 = Debug|Any CPU
		{AC05A930-8FD5-404B-9F50-E199D0CD24BD}.Release|Any CPU.ActiveCfg = Release|Any CPU
		{AC05A930-8FD5-404B-9F50-E199D0CD24BD}.Release|Any CPU.Build.0 = Release|Any CPU
	EndGlobalSection
	GlobalSection(SolutionProperties) = preSolution
		HideSolutionNode = FALSE
	EndGlobalSection
	GlobalSection(ExtensibilityGlobals) = postSolution
		SolutionGuid = {CC388F94-DBAC-41A5-8DAA-3D34D20C8FC4}
	EndGlobalSection
EndGlobal
