
Microsoft Visual Studio Solution File, Format Version 12.00
# Visual Studio Version 16
VisualStudioVersion = 16.0.30907.101
MinimumVisualStudioVersion = 10.0.40219.1
Project("{9A19103F-16F7-4668-BE54-9A1E7A4F7556}") = "AspNetCore2", "AspNetCore2.csproj", "{3626F54B-209D-424D-AB4E-75B3A113D31C}"
EndProject
Project("{9A19103F-16F7-4668-BE54-9A1E7A4F7556}") = "KissLog", "..\..\src\KissLog\KissLog.csproj", "{301A8E78-BC0C-4EB7-B029-7C7F2E777703}"
EndProject
Project("{9A19103F-16F7-4668-BE54-9A1E7A4F7556}") = "KissLog.AspNetCore", "..\..\src\KissLog.AspNetCore\KissLog.AspNetCore.csproj", "{2D1D1A5D-43A1-440C-A435-1DBA44AB56EE}"
EndProject
Project("{9A19103F-16F7-4668-BE54-9A1E7A4F7556}") = "KissLog.CloudListeners", "..\..\src\KissLog.CloudListeners\KissLog.CloudListeners.csproj", "{DABFE3A6-4E39-40AB-B018-1C66A36BA794}"
EndProject
Global
	GlobalSection(SolutionConfigurationPlatforms) = preSolution
		Debug|Any CPU = Debug|Any CPU
		Release|Any CPU = Release|Any CPU
	EndGlobalSection
	GlobalSection(ProjectConfigurationPlatforms) = postSolution
		{3626F54B-209D-424D-AB4E-75B3A113D31C}.Debug|Any CPU.ActiveCfg = Debug|Any CPU
		{3626F54B-209D-424D-AB4E-75B3A113D31C}.Debug|Any CPU.Build.0 = Debug|Any CPU
		{3626F54B-209D-424D-AB4E-75B3A113D31C}.Release|Any CPU.ActiveCfg = Release|Any CPU
		{3626F54B-209D-424D-AB4E-75B3A113D31C}.Release|Any CPU.Build.0 = Release|Any CPU
		{301A8E78-BC0C-4EB7-B029-7C7F2E777703}.Debug|Any CPU.ActiveCfg = Debug|Any CPU
		{301A8E78-BC0C-4EB7-B029-7C7F2E777703}.Debug|Any CPU.Build.0 = Debug|Any CPU
		{301A8E78-BC0C-4EB7-B029-7C7F2E777703}.Release|Any CPU.ActiveCfg = Release|Any CPU
		{301A8E78-BC0C-4EB7-B029-7C7F2E777703}.Release|Any CPU.Build.0 = Release|Any CPU
		{2D1D1A5D-43A1-440C-A435-1DBA44AB56EE}.Debug|Any CPU.ActiveCfg = Debug|Any CPU
		{2D1D1A5D-43A1-440C-A435-1DBA44AB56EE}.Debug|Any CPU.Build.0 = Debug|Any CPU
		{2D1D1A5D-43A1-440C-A435-1DBA44AB56EE}.Release|Any CPU.ActiveCfg = Release|Any CPU
		{2D1D1A5D-43A1-440C-A435-1DBA44AB56EE}.Release|Any CPU.Build.0 = Release|Any CPU
		{DABFE3A6-4E39-40AB-B018-1C66A36BA794}.Debug|Any CPU.ActiveCfg = Debug|Any CPU
		{DABFE3A6-4E39-40AB-B018-1C66A36BA794}.Debug|Any CPU.Build.0 = Debug|Any CPU
		{DABFE3A6-4E39-40AB-B018-1C66A36BA794}.Release|Any CPU.ActiveCfg = Release|Any CPU
		{DABFE3A6-4E39-40AB-B018-1C66A36BA794}.Release|Any CPU.Build.0 = Release|Any CPU
	EndGlobalSection
	GlobalSection(SolutionProperties) = preSolution
		HideSolutionNode = FALSE
	EndGlobalSection
	GlobalSection(ExtensibilityGlobals) = postSolution
		SolutionGuid = {2C6263CD-0584-4F87-8AD5-D1F541F14ED5}
	EndGlobalSection
EndGlobal
