
Microsoft Visual Studio Solution File, Format Version 12.00
# Visual Studio Version 17
VisualStudioVersion = 17.9.34728.123
MinimumVisualStudioVersion = 10.0.40219.1
Project("{FAE04EC0-301F-11D3-BF4B-00C04F79EFBC}") = "NLog_AspNet.Mvc", "NLog_AspNet.Mvc.csproj", "{D16A173D-8F43-4C2F-B01C-C4EB86B4EECB}"
EndProject
Project("{9A19103F-16F7-4668-BE54-9A1E7A4F7556}") = "KissLog", "..\..\src\KissLog\KissLog.csproj", "{6B4CDCCA-93D2-4C00-9D3F-EB049288104C}"
EndProject
Project("{9A19103F-16F7-4668-BE54-9A1E7A4F7556}") = "KissLog.Adapters.NLog", "..\..\adapters\KissLog.Adapters.NLog\KissLog.Adapters.NLog.csproj", "{B5CD110D-8396-4179-965E-DF23BD6D9824}"
EndProject
Project("{9A19103F-16F7-4668-BE54-9A1E7A4F7556}") = "KissLog.CloudListeners", "..\..\src\KissLog.CloudListeners\KissLog.CloudListeners.csproj", "{9E0BF4B3-6153-4D2E-A0BC-511CAF2A1343}"
EndProject
Project("{9A19103F-16F7-4668-BE54-9A1E7A4F7556}") = "KissLog.AspNet.Web", "..\..\src\KissLog.AspNet.Web\KissLog.AspNet.Web.csproj", "{D0C21C48-C253-41EB-A180-1253CA22381C}"
EndProject
Project("{9A19103F-16F7-4668-BE54-9A1E7A4F7556}") = "KissLog.RestClient", "..\..\src\KissLog.RestClient\KissLog.RestClient.csproj", "{1FD0F3DE-737D-4B0C-BF05-E7C3F4349D7A}"
EndProject
Global
	GlobalSection(SolutionConfigurationPlatforms) = preSolution
		Debug|Any CPU = Debug|Any CPU
		Release|Any CPU = Release|Any CPU
	EndGlobalSection
	GlobalSection(ProjectConfigurationPlatforms) = postSolution
		{D16A173D-8F43-4C2F-B01C-C4EB86B4EECB}.Debug|Any CPU.ActiveCfg = Debug|Any CPU
		{D16A173D-8F43-4C2F-B01C-C4EB86B4EECB}.Debug|Any CPU.Build.0 = Debug|Any CPU
		{D16A173D-8F43-4C2F-B01C-C4EB86B4EECB}.Release|Any CPU.ActiveCfg = Release|Any CPU
		{D16A173D-8F43-4C2F-B01C-C4EB86B4EECB}.Release|Any CPU.Build.0 = Release|Any CPU
		{6B4CDCCA-93D2-4C00-9D3F-EB049288104C}.Debug|Any CPU.ActiveCfg = Debug|Any CPU
		{6B4CDCCA-93D2-4C00-9D3F-EB049288104C}.Debug|Any CPU.Build.0 = Debug|Any CPU
		{6B4CDCCA-93D2-4C00-9D3F-EB049288104C}.Release|Any CPU.ActiveCfg = Release|Any CPU
		{6B4CDCCA-93D2-4C00-9D3F-EB049288104C}.Release|Any CPU.Build.0 = Release|Any CPU
		{B5CD110D-8396-4179-965E-DF23BD6D9824}.Debug|Any CPU.ActiveCfg = Debug|Any CPU
		{B5CD110D-8396-4179-965E-DF23BD6D9824}.Debug|Any CPU.Build.0 = Debug|Any CPU
		{B5CD110D-8396-4179-965E-DF23BD6D9824}.Release|Any CPU.ActiveCfg = Release|Any CPU
		{B5CD110D-8396-4179-965E-DF23BD6D9824}.Release|Any CPU.Build.0 = Release|Any CPU
		{9E0BF4B3-6153-4D2E-A0BC-511CAF2A1343}.Debug|Any CPU.ActiveCfg = Debug|Any CPU
		{9E0BF4B3-6153-4D2E-A0BC-511CAF2A1343}.Debug|Any CPU.Build.0 = Debug|Any CPU
		{9E0BF4B3-6153-4D2E-A0BC-511CAF2A1343}.Release|Any CPU.ActiveCfg = Release|Any CPU
		{9E0BF4B3-6153-4D2E-A0BC-511CAF2A1343}.Release|Any CPU.Build.0 = Release|Any CPU
		{D0C21C48-C253-41EB-A180-1253CA22381C}.Debug|Any CPU.ActiveCfg = Debug|Any CPU
		{D0C21C48-C253-41EB-A180-1253CA22381C}.Debug|Any CPU.Build.0 = Debug|Any CPU
		{D0C21C48-C253-41EB-A180-1253CA22381C}.Release|Any CPU.ActiveCfg = Release|Any CPU
		{D0C21C48-C253-41EB-A180-1253CA22381C}.Release|Any CPU.Build.0 = Release|Any CPU
		{1FD0F3DE-737D-4B0C-BF05-E7C3F4349D7A}.Debug|Any CPU.ActiveCfg = Debug|Any CPU
		{1FD0F3DE-737D-4B0C-BF05-E7C3F4349D7A}.Debug|Any CPU.Build.0 = Debug|Any CPU
		{1FD0F3DE-737D-4B0C-BF05-E7C3F4349D7A}.Release|Any CPU.ActiveCfg = Release|Any CPU
		{1FD0F3DE-737D-4B0C-BF05-E7C3F4349D7A}.Release|Any CPU.Build.0 = Release|Any CPU
	EndGlobalSection
	GlobalSection(SolutionProperties) = preSolution
		HideSolutionNode = FALSE
	EndGlobalSection
	GlobalSection(ExtensibilityGlobals) = postSolution
		SolutionGuid = {AF8FE262-9FAC-442E-AB8E-53CEF4E50B6F}
	EndGlobalSection
EndGlobal
