
Microsoft Visual Studio Solution File, Format Version 12.00
# Visual Studio Version 16
VisualStudioVersion = 16.0.30907.101
MinimumVisualStudioVersion = 10.0.40219.1
Project("{FAE04EC0-301F-11D3-BF4B-00C04F79EFBC}") = "AspNet.WebApi", "AspNet.WebApi.csproj", "{C69A2B24-0D9A-47FC-AB9A-E2E7AE9009AF}"
EndProject
Project("{9A19103F-16F7-4668-BE54-9A1E7A4F7556}") = "KissLog", "..\..\src\KissLog\KissLog.csproj", "{0A6CFBB2-70C4-44E3-B262-D8BD1DB652F9}"
EndProject
Project("{FAE04EC0-301F-11D3-BF4B-00C04F79EFBC}") = "KissLog.AspNet.Web", "..\..\src\KissLog.AspNet.Web\KissLog.AspNet.Web.csproj", "{D0C21C48-C253-41EB-A180-1253CA22381C}"
EndProject
Project("{FAE04EC0-301F-11D3-BF4B-00C04F79EFBC}") = "KissLog.AspNet.WebApi", "..\..\src\KissLog.AspNet.WebApi\KissLog.AspNet.WebApi.csproj", "{8B09066A-48CC-41DF-959E-6A6BEB26DDCE}"
EndProject
Project("{9A19103F-16F7-4668-BE54-9A1E7A4F7556}") = "KissLog.CloudListeners", "..\..\src\KissLog.CloudListeners\KissLog.CloudListeners.csproj", "{71EC80CC-7C32-4E5E-934D-AE1E8DB4A639}"
EndProject
Global
	GlobalSection(SolutionConfigurationPlatforms) = preSolution
		Debug|Any CPU = Debug|Any CPU
		Release|Any CPU = Release|Any CPU
	EndGlobalSection
	GlobalSection(ProjectConfigurationPlatforms) = postSolution
		{C69A2B24-0D9A-47FC-AB9A-E2E7AE9009AF}.Debug|Any CPU.ActiveCfg = Debug|Any CPU
		{C69A2B24-0D9A-47FC-AB9A-E2E7AE9009AF}.Debug|Any CPU.Build.0 = Debug|Any CPU
		{C69A2B24-0D9A-47FC-AB9A-E2E7AE9009AF}.Release|Any CPU.ActiveCfg = Release|Any CPU
		{C69A2B24-0D9A-47FC-AB9A-E2E7AE9009AF}.Release|Any CPU.Build.0 = Release|Any CPU
		{0A6CFBB2-70C4-44E3-B262-D8BD1DB652F9}.Debug|Any CPU.ActiveCfg = Debug|Any CPU
		{0A6CFBB2-70C4-44E3-B262-D8BD1DB652F9}.Debug|Any CPU.Build.0 = Debug|Any CPU
		{0A6CFBB2-70C4-44E3-B262-D8BD1DB652F9}.Release|Any CPU.ActiveCfg = Release|Any CPU
		{0A6CFBB2-70C4-44E3-B262-D8BD1DB652F9}.Release|Any CPU.Build.0 = Release|Any CPU
		{D0C21C48-C253-41EB-A180-1253CA22381C}.Debug|Any CPU.ActiveCfg = Debug|Any CPU
		{D0C21C48-C253-41EB-A180-1253CA22381C}.Debug|Any CPU.Build.0 = Debug|Any CPU
		{D0C21C48-C253-41EB-A180-1253CA22381C}.Release|Any CPU.ActiveCfg = Release|Any CPU
		{D0C21C48-C253-41EB-A180-1253CA22381C}.Release|Any CPU.Build.0 = Release|Any CPU
		{8B09066A-48CC-41DF-959E-6A6BEB26DDCE}.Debug|Any CPU.ActiveCfg = Debug|Any CPU
		{8B09066A-48CC-41DF-959E-6A6BEB26DDCE}.Debug|Any CPU.Build.0 = Debug|Any CPU
		{8B09066A-48CC-41DF-959E-6A6BEB26DDCE}.Release|Any CPU.ActiveCfg = Release|Any CPU
		{8B09066A-48CC-41DF-959E-6A6BEB26DDCE}.Release|Any CPU.Build.0 = Release|Any CPU
		{71EC80CC-7C32-4E5E-934D-AE1E8DB4A639}.Debug|Any CPU.ActiveCfg = Debug|Any CPU
		{71EC80CC-7C32-4E5E-934D-AE1E8DB4A639}.Debug|Any CPU.Build.0 = Debug|Any CPU
		{71EC80CC-7C32-4E5E-934D-AE1E8DB4A639}.Release|Any CPU.ActiveCfg = Release|Any CPU
		{71EC80CC-7C32-4E5E-934D-AE1E8DB4A639}.Release|Any CPU.Build.0 = Release|Any CPU
	EndGlobalSection
	GlobalSection(SolutionProperties) = preSolution
		HideSolutionNode = FALSE
	EndGlobalSection
	GlobalSection(ExtensibilityGlobals) = postSolution
		SolutionGuid = {7664B60A-9646-44D1-A3CB-BBF7F3E99668}
	EndGlobalSection
EndGlobal
