
Microsoft Visual Studio Solution File, Format Version 12.00
# Visual Studio Version 16
VisualStudioVersion = 16.0.30907.101
MinimumVisualStudioVersion = 10.0.40219.1
Project("{FAE04EC0-301F-11D3-BF4B-00C04F79EFBC}") = "ConsoleApp_NetFramework", "ConsoleApp_NetFramework.csproj", "{A700703F-6925-4033-85B9-A709E24100D5}"
EndProject
Project("{9A19103F-16F7-4668-BE54-9A1E7A4F7556}") = "KissLog", "..\..\src\KissLog\KissLog.csproj", "{5B8A8FFC-EAB4-4134-B21A-E3688360C31E}"
EndProject
Project("{9A19103F-16F7-4668-BE54-9A1E7A4F7556}") = "KissLog.CloudListeners", "..\..\src\KissLog.CloudListeners\KissLog.CloudListeners.csproj", "{6B6D7F9E-9BA9-4135-AF67-40D45F226AA1}"
EndProject
Global
	GlobalSection(SolutionConfigurationPlatforms) = preSolution
		Debug|Any CPU = Debug|Any CPU
		Release|Any CPU = Release|Any CPU
	EndGlobalSection
	GlobalSection(ProjectConfigurationPlatforms) = postSolution
		{A700703F-6925-4033-85B9-A709E24100D5}.Debug|Any CPU.ActiveCfg = Debug|Any CPU
		{A700703F-6925-4033-85B9-A709E24100D5}.Debug|Any CPU.Build.0 = Debug|Any CPU
		{A700703F-6925-4033-85B9-A709E24100D5}.Release|Any CPU.ActiveCfg = Release|Any CPU
		{A700703F-6925-4033-85B9-A709E24100D5}.Release|Any CPU.Build.0 = Release|Any CPU
		{5B8A8FFC-EAB4-4134-B21A-E3688360C31E}.Debug|Any CPU.ActiveCfg = Debug|Any CPU
		{5B8A8FFC-EAB4-4134-B21A-E3688360C31E}.Debug|Any CPU.Build.0 = Debug|Any CPU
		{5B8A8FFC-EAB4-4134-B21A-E3688360C31E}.Release|Any CPU.ActiveCfg = Release|Any CPU
		{5B8A8FFC-EAB4-4134-B21A-E3688360C31E}.Release|Any CPU.Build.0 = Release|Any CPU
		{6B6D7F9E-9BA9-4135-AF67-40D45F226AA1}.Debug|Any CPU.ActiveCfg = Debug|Any CPU
		{6B6D7F9E-9BA9-4135-AF67-40D45F226AA1}.Debug|Any CPU.Build.0 = Debug|Any CPU
		{6B6D7F9E-9BA9-4135-AF67-40D45F226AA1}.Release|Any CPU.ActiveCfg = Release|Any CPU
		{6B6D7F9E-9BA9-4135-AF67-40D45F226AA1}.Release|Any CPU.Build.0 = Release|Any CPU
	EndGlobalSection
	GlobalSection(SolutionProperties) = preSolution
		HideSolutionNode = FALSE
	EndGlobalSection
	GlobalSection(ExtensibilityGlobals) = postSolution
		SolutionGuid = {A827CC56-5346-4D1E-9F8F-D10616BF420A}
	EndGlobalSection
EndGlobal
