
Microsoft Visual Studio Solution File, Format Version 12.00
# Visual Studio Version 17
VisualStudioVersion = 17.2.32630.192
MinimumVisualStudioVersion = 10.0.40219.1
Project("{FAE04EC0-301F-11D3-BF4B-00C04F79EFBC}") = "dotnet6_ConsoleApp", "dotnet6_ConsoleApp.csproj", "{FC2F5E16-790B-4569-8FA4-0FCC983B01F3}"
EndProject
Project("{9A19103F-16F7-4668-BE54-9A1E7A4F7556}") = "KissLog", "..\..\src\KissLog\KissLog.csproj", "{B10F84C6-136A-43ED-8588-AA9CB8114388}"
EndProject
Project("{9A19103F-16F7-4668-BE54-9A1E7A4F7556}") = "KissLog.CloudListeners", "..\..\src\KissLog.CloudListeners\KissLog.CloudListeners.csproj", "{9F9BF1C8-704F-4FE8-B0DF-FC0FEFD21A13}"
EndProject
Project("{9A19103F-16F7-4668-BE54-9A1E7A4F7556}") = "KissLog.RestClient", "..\..\src\KissLog.RestClient\KissLog.RestClient.csproj", "{39A98F50-A3B7-4256-A899-EE8F5FC483F5}"
EndProject
Project("{9A19103F-16F7-4668-BE54-9A1E7A4F7556}") = "KissLog.AspNetCore", "..\..\src\KissLog.AspNetCore\KissLog.AspNetCore.csproj", "{4CA6CF1D-2C5B-4507-90CE-043D34D57BD2}"
EndProject
Global
	GlobalSection(SolutionConfigurationPlatforms) = preSolution
		Debug|Any CPU = Debug|Any CPU
		Release|Any CPU = Release|Any CPU
	EndGlobalSection
	GlobalSection(ProjectConfigurationPlatforms) = postSolution
		{FC2F5E16-790B-4569-8FA4-0FCC983B01F3}.Debug|Any CPU.ActiveCfg = Debug|Any CPU
		{FC2F5E16-790B-4569-8FA4-0FCC983B01F3}.Debug|Any CPU.Build.0 = Debug|Any CPU
		{FC2F5E16-790B-4569-8FA4-0FCC983B01F3}.Release|Any CPU.ActiveCfg = Release|Any CPU
		{FC2F5E16-790B-4569-8FA4-0FCC983B01F3}.Release|Any CPU.Build.0 = Release|Any CPU
		{B10F84C6-136A-43ED-8588-AA9CB8114388}.Debug|Any CPU.ActiveCfg = Debug|Any CPU
		{B10F84C6-136A-43ED-8588-AA9CB8114388}.Debug|Any CPU.Build.0 = Debug|Any CPU
		{B10F84C6-136A-43ED-8588-AA9CB8114388}.Release|Any CPU.ActiveCfg = Release|Any CPU
		{B10F84C6-136A-43ED-8588-AA9CB8114388}.Release|Any CPU.Build.0 = Release|Any CPU
		{9F9BF1C8-704F-4FE8-B0DF-FC0FEFD21A13}.Debug|Any CPU.ActiveCfg = Debug|Any CPU
		{9F9BF1C8-704F-4FE8-B0DF-FC0FEFD21A13}.Debug|Any CPU.Build.0 = Debug|Any CPU
		{9F9BF1C8-704F-4FE8-B0DF-FC0FEFD21A13}.Release|Any CPU.ActiveCfg = Release|Any CPU
		{9F9BF1C8-704F-4FE8-B0DF-FC0FEFD21A13}.Release|Any CPU.Build.0 = Release|Any CPU
		{39A98F50-A3B7-4256-A899-EE8F5FC483F5}.Debug|Any CPU.ActiveCfg = Debug|Any CPU
		{39A98F50-A3B7-4256-A899-EE8F5FC483F5}.Debug|Any CPU.Build.0 = Debug|Any CPU
		{39A98F50-A3B7-4256-A899-EE8F5FC483F5}.Release|Any CPU.ActiveCfg = Release|Any CPU
		{39A98F50-A3B7-4256-A899-EE8F5FC483F5}.Release|Any CPU.Build.0 = Release|Any CPU
		{4CA6CF1D-2C5B-4507-90CE-043D34D57BD2}.Debug|Any CPU.ActiveCfg = Debug|Any CPU
		{4CA6CF1D-2C5B-4507-90CE-043D34D57BD2}.Debug|Any CPU.Build.0 = Debug|Any CPU
		{4CA6CF1D-2C5B-4507-90CE-043D34D57BD2}.Release|Any CPU.ActiveCfg = Release|Any CPU
		{4CA6CF1D-2C5B-4507-90CE-043D34D57BD2}.Release|Any CPU.Build.0 = Release|Any CPU
	EndGlobalSection
	GlobalSection(SolutionProperties) = preSolution
		HideSolutionNode = FALSE
	EndGlobalSection
	GlobalSection(ExtensibilityGlobals) = postSolution
		SolutionGuid = {C02F2A57-C301-484E-A9CB-B3B42503C5A6}
	EndGlobalSection
EndGlobal
