
Microsoft Visual Studio Solution File, Format Version 12.00
# Visual Studio Version 16
VisualStudioVersion = 16.0.30907.101
MinimumVisualStudioVersion = 10.0.40219.1
Project("{9A19103F-16F7-4668-BE54-9A1E7A4F7556}") = "AspNetCore3", "AspNetCore3.csproj", "{5047E060-A42B-4C33-8865-5179425193B3}"
EndProject
Project("{9A19103F-16F7-4668-BE54-9A1E7A4F7556}") = "KissLog", "..\..\src\KissLog\KissLog.csproj", "{40D935DD-073C-488B-BEBB-56C5513AA37B}"
EndProject
Project("{9A19103F-16F7-4668-BE54-9A1E7A4F7556}") = "KissLog.AspNetCore", "..\..\src\KissLog.AspNetCore\KissLog.AspNetCore.csproj", "{8AEC8810-13FE-44FC-B0B2-6F91DBA5590D}"
EndProject
Project("{9A19103F-16F7-4668-BE54-9A1E7A4F7556}") = "KissLog.CloudListeners", "..\..\src\KissLog.CloudListeners\KissLog.CloudListeners.csproj", "{55785C24-2D82-4877-9FFC-CBACCC69DD0F}"
EndProject
Global
	GlobalSection(SolutionConfigurationPlatforms) = preSolution
		Debug|Any CPU = Debug|Any CPU
		Release|Any CPU = Release|Any CPU
	EndGlobalSection
	GlobalSection(ProjectConfigurationPlatforms) = postSolution
		{5047E060-A42B-4C33-8865-5179425193B3}.Debug|Any CPU.ActiveCfg = Debug|Any CPU
		{5047E060-A42B-4C33-8865-5179425193B3}.Debug|Any CPU.Build.0 = Debug|Any CPU
		{5047E060-A42B-4C33-8865-5179425193B3}.Release|Any CPU.ActiveCfg = Release|Any CPU
		{5047E060-A42B-4C33-8865-5179425193B3}.Release|Any CPU.Build.0 = Release|Any CPU
		{40D935DD-073C-488B-BEBB-56C5513AA37B}.Debug|Any CPU.ActiveCfg = Debug|Any CPU
		{40D935DD-073C-488B-BEBB-56C5513AA37B}.Debug|Any CPU.Build.0 = Debug|Any CPU
		{40D935DD-073C-488B-BEBB-56C5513AA37B}.Release|Any CPU.ActiveCfg = Release|Any CPU
		{40D935DD-073C-488B-BEBB-56C5513AA37B}.Release|Any CPU.Build.0 = Release|Any CPU
		{8AEC8810-13FE-44FC-B0B2-6F91DBA5590D}.Debug|Any CPU.ActiveCfg = Debug|Any CPU
		{8AEC8810-13FE-44FC-B0B2-6F91DBA5590D}.Debug|Any CPU.Build.0 = Debug|Any CPU
		{8AEC8810-13FE-44FC-B0B2-6F91DBA5590D}.Release|Any CPU.ActiveCfg = Release|Any CPU
		{8AEC8810-13FE-44FC-B0B2-6F91DBA5590D}.Release|Any CPU.Build.0 = Release|Any CPU
		{55785C24-2D82-4877-9FFC-CBACCC69DD0F}.Debug|Any CPU.ActiveCfg = Debug|Any CPU
		{55785C24-2D82-4877-9FFC-CBACCC69DD0F}.Debug|Any CPU.Build.0 = Debug|Any CPU
		{55785C24-2D82-4877-9FFC-CBACCC69DD0F}.Release|Any CPU.ActiveCfg = Release|Any CPU
		{55785C24-2D82-4877-9FFC-CBACCC69DD0F}.Release|Any CPU.Build.0 = Release|Any CPU
	EndGlobalSection
	GlobalSection(SolutionProperties) = preSolution
		HideSolutionNode = FALSE
	EndGlobalSection
	GlobalSection(ExtensibilityGlobals) = postSolution
		SolutionGuid = {7ADD2333-2655-4451-85FF-B5BD2F97A34C}
	EndGlobalSection
EndGlobal
