
Microsoft Visual Studio Solution File, Format Version 12.00
# Visual Studio Version 17
VisualStudioVersion = 17.2.32630.192
MinimumVisualStudioVersion = 10.0.40219.1
Project("{FAE04EC0-301F-11D3-BF4B-00C04F79EFBC}") = "dotnet6_WebApp", "dotnet6_WebApp.csproj", "{17BE7CD8-4693-4778-B9FE-F9433309DFF9}"
EndProject
Project("{9A19103F-16F7-4668-BE54-9A1E7A4F7556}") = "KissLog", "..\..\src\KissLog\KissLog.csproj", "{857ACA15-0BE4-490E-9C22-2D9DE5131CC1}"
EndProject
Project("{9A19103F-16F7-4668-BE54-9A1E7A4F7556}") = "KissLog.RestClient", "..\..\src\KissLog.RestClient\KissLog.RestClient.csproj", "{8A030BB3-C491-430A-9697-5480CECCA4D9}"
EndProject
Project("{9A19103F-16F7-4668-BE54-9A1E7A4F7556}") = "KissLog.CloudListeners", "..\..\src\KissLog.CloudListeners\KissLog.CloudListeners.csproj", "{C2FA9E1B-ABB0-476F-B8C6-FE6BBE99DB86}"
EndProject
Project("{9A19103F-16F7-4668-BE54-9A1E7A4F7556}") = "KissLog.AspNetCore", "..\..\src\KissLog.AspNetCore\KissLog.AspNetCore.csproj", "{D798B90C-A14B-4D42-929E-FA7610CFFDF6}"
EndProject
Global
	GlobalSection(SolutionConfigurationPlatforms) = preSolution
		Debug|Any CPU = Debug|Any CPU
		Release|Any CPU = Release|Any CPU
	EndGlobalSection
	GlobalSection(ProjectConfigurationPlatforms) = postSolution
		{17BE7CD8-4693-4778-B9FE-F9433309DFF9}.Debug|Any CPU.ActiveCfg = Debug|Any CPU
		{17BE7CD8-4693-4778-B9FE-F9433309DFF9}.Debug|Any CPU.Build.0 = Debug|Any CPU
		{17BE7CD8-4693-4778-B9FE-F9433309DFF9}.Release|Any CPU.ActiveCfg = Release|Any CPU
		{17BE7CD8-4693-4778-B9FE-F9433309DFF9}.Release|Any CPU.Build.0 = Release|Any CPU
		{857ACA15-0BE4-490E-9C22-2D9DE5131CC1}.Debug|Any CPU.ActiveCfg = Debug|Any CPU
		{857ACA15-0BE4-490E-9C22-2D9DE5131CC1}.Debug|Any CPU.Build.0 = Debug|Any CPU
		{857ACA15-0BE4-490E-9C22-2D9DE5131CC1}.Release|Any CPU.ActiveCfg = Release|Any CPU
		{857ACA15-0BE4-490E-9C22-2D9DE5131CC1}.Release|Any CPU.Build.0 = Release|Any CPU
		{8A030BB3-C491-430A-9697-5480CECCA4D9}.Debug|Any CPU.ActiveCfg = Debug|Any CPU
		{8A030BB3-C491-430A-9697-5480CECCA4D9}.Debug|Any CPU.Build.0 = Debug|Any CPU
		{8A030BB3-C491-430A-9697-5480CECCA4D9}.Release|Any CPU.ActiveCfg = Release|Any CPU
		{8A030BB3-C491-430A-9697-5480CECCA4D9}.Release|Any CPU.Build.0 = Release|Any CPU
		{C2FA9E1B-ABB0-476F-B8C6-FE6BBE99DB86}.Debug|Any CPU.ActiveCfg = Debug|Any CPU
		{C2FA9E1B-ABB0-476F-B8C6-FE6BBE99DB86}.Debug|Any CPU.Build.0 = Debug|Any CPU
		{C2FA9E1B-ABB0-476F-B8C6-FE6BBE99DB86}.Release|Any CPU.ActiveCfg = Release|Any CPU
		{C2FA9E1B-ABB0-476F-B8C6-FE6BBE99DB86}.Release|Any CPU.Build.0 = Release|Any CPU
		{D798B90C-A14B-4D42-929E-FA7610CFFDF6}.Debug|Any CPU.ActiveCfg = Debug|Any CPU
		{D798B90C-A14B-4D42-929E-FA7610CFFDF6}.Debug|Any CPU.Build.0 = Debug|Any CPU
		{D798B90C-A14B-4D42-929E-FA7610CFFDF6}.Release|Any CPU.ActiveCfg = Release|Any CPU
		{D798B90C-A14B-4D42-929E-FA7610CFFDF6}.Release|Any CPU.Build.0 = Release|Any CPU
	EndGlobalSection
	GlobalSection(SolutionProperties) = preSolution
		HideSolutionNode = FALSE
	EndGlobalSection
	GlobalSection(ExtensibilityGlobals) = postSolution
		SolutionGuid = {9862576F-6BA5-437E-B46A-BB0EDA6FF5C5}
	EndGlobalSection
EndGlobal
