
Microsoft Visual Studio Solution File, Format Version 12.00
# Visual Studio Version 16
VisualStudioVersion = 16.0.31105.61
MinimumVisualStudioVersion = 10.0.40219.1
Project("{9A19103F-16F7-4668-BE54-9A1E7A4F7556}") = "KissLog", "KissLog\KissLog.csproj", "{6409076B-1153-44B8-927B-6112B8EBDE99}"
EndProject
Project("{FAE04EC0-301F-11D3-BF4B-00C04F79EFBC}") = "KissLog.AspNet.Web", "KissLog.AspNet.Web\KissLog.AspNet.Web.csproj", "{D0C21C48-C253-41EB-A180-1253CA22381C}"
EndProject
Project("{FAE04EC0-301F-11D3-BF4B-00C04F79EFBC}") = "KissLog.AspNet.Mvc", "KissLog.AspNet.Mvc\KissLog.AspNet.Mvc.csproj", "{23A7ABE8-82DE-401C-9410-6B5F545D456A}"
EndProject
Project("{FAE04EC0-301F-11D3-BF4B-00C04F79EFBC}") = "KissLog.AspNet.WebApi", "KissLog.AspNet.WebApi\KissLog.AspNet.WebApi.csproj", "{8B09066A-48CC-41DF-959E-6A6BEB26DDCE}"
EndProject
Project("{9A19103F-16F7-4668-BE54-9A1E7A4F7556}") = "KissLog.AspNetCore", "KissLog.AspNetCore\KissLog.AspNetCore.csproj", "{C69C2016-5E68-45C7-8CB5-B4CD3B18E5BE}"
EndProject
Project("{2150E333-8FDC-42A3-9474-1A3956D46DE8}") = "src", "src", "{CB66A1A5-F1C3-44EE-AF1C-AE1F554D112C}"
EndProject
Project("{2150E333-8FDC-42A3-9474-1A3956D46DE8}") = "tests", "tests", "{CD5521C0-18AD-4DE5-80A7-67019CEBBAA9}"
EndProject
Project("{9A19103F-16F7-4668-BE54-9A1E7A4F7556}") = "KissLog.Tests", "..\tests\KissLog.Tests\KissLog.Tests.csproj", "{FF1A9ED7-DCF0-4D48-8D97-D881B179AC99}"
EndProject
Project("{9A19103F-16F7-4668-BE54-9A1E7A4F7556}") = "KissLog.Tests.Common", "..\tests\KissLog.Tests.Common\KissLog.Tests.Common.csproj", "{AC2B5197-F445-4F64-ADD5-CDEC0C8C917F}"
EndProject
Project("{FAE04EC0-301F-11D3-BF4B-00C04F79EFBC}") = "KissLog.AspNet.Mvc.Tests", "..\tests\KissLog.AspNet.Mvc.Tests\KissLog.AspNet.Mvc.Tests.csproj", "{BF278D8E-BEBB-4B37-998F-9EE5FB41F0CA}"
EndProject
Project("{FAE04EC0-301F-11D3-BF4B-00C04F79EFBC}") = "KissLog.AspNet.Web.Tests", "..\tests\KissLog.AspNet.Web.Tests\KissLog.AspNet.Web.Tests.csproj", "{01ECB809-0304-40FF-ADA9-04B2396E6CFA}"
EndProject
Project("{FAE04EC0-301F-11D3-BF4B-00C04F79EFBC}") = "KissLog.AspNet.WebApi.Tests", "..\tests\KissLog.AspNet.WebApi.Tests\KissLog.AspNet.WebApi.Tests.csproj", "{64352605-3EAA-40BD-8B9B-6E3AA7FE8B77}"
EndProject
Project("{9A19103F-16F7-4668-BE54-9A1E7A4F7556}") = "KissLog.AspNetCore.Tests", "..\tests\KissLog.AspNetCore.Tests\KissLog.AspNetCore.Tests.csproj", "{A03F9812-81AB-4740-B2A6-B2425D5AD9F4}"
EndProject
Project("{9A19103F-16F7-4668-BE54-9A1E7A4F7556}") = "KissLog.CloudListeners", "KissLog.CloudListeners\KissLog.CloudListeners.csproj", "{637F82AB-3616-41ED-AF7E-8448BF58A75F}"
EndProject
Project("{9A19103F-16F7-4668-BE54-9A1E7A4F7556}") = "KissLog.CloudListeners.Tests", "..\tests\KissLog.CloudListeners.Tests\KissLog.CloudListeners.Tests.csproj", "{5494F537-39D1-4F2D-8C32-20D8F9B2EBD8}"
EndProject
Project("{9A19103F-16F7-4668-BE54-9A1E7A4F7556}") = "KissLog.RestClient", "KissLog.RestClient\KissLog.RestClient.csproj", "{B210DE66-7957-4FC0-AE23-331842D09B74}"
EndProject
Project("{9A19103F-16F7-4668-BE54-9A1E7A4F7556}") = "KissLog.RestClient.Tests", "..\tests\KissLog.RestClient.Tests\KissLog.RestClient.Tests.csproj", "{260A54F5-2553-4CC7-A117-638D473E4238}"
EndProject
Project("{2150E333-8FDC-42A3-9474-1A3956D46DE8}") = "adapters", "adapters", "{7F96C47B-5794-4894-84A4-9B2A503FDF78}"
EndProject
Project("{9A19103F-16F7-4668-BE54-9A1E7A4F7556}") = "KissLog.Adapters.NLog", "..\adapters\KissLog.Adapters.NLog\KissLog.Adapters.NLog.csproj", "{B0E26C58-85BC-4049-A644-54B187E5364C}"
EndProject
Project("{2150E333-8FDC-42A3-9474-1A3956D46DE8}") = "adapters", "adapters", "{68016019-4FE8-431D-8979-74E52D027597}"
EndProject
Project("{9A19103F-16F7-4668-BE54-9A1E7A4F7556}") = "KissLog.Adapters.log4net.Tests", "..\tests\adapters\KissLog.Adapters.log4net.Tests\KissLog.Adapters.log4net.Tests.csproj", "{2E9FF10F-B2CB-445D-A9AF-362DA418BA0E}"
EndProject
Project("{9A19103F-16F7-4668-BE54-9A1E7A4F7556}") = "KissLog.Adapters.NLog.Tests", "..\tests\adapters\KissLog.Adapters.NLog.Tests\KissLog.Adapters.NLog.Tests.csproj", "{34D89B43-24B8-4971-AE2D-DAE64749CD94}"
EndProject
Project("{9A19103F-16F7-4668-BE54-9A1E7A4F7556}") = "KissLog.Adapters.log4net", "..\adapters\KissLog.Adapters.log4net\KissLog.Adapters.log4net.csproj", "{393679F2-5889-4A59-8725-0C4D72DD0030}"
EndProject
Global
	GlobalSection(SolutionConfigurationPlatforms) = preSolution
		Debug|Any CPU = Debug|Any CPU
		Release|Any CPU = Release|Any CPU
	EndGlobalSection
	GlobalSection(ProjectConfigurationPlatforms) = postSolution
		{6409076B-1153-44B8-927B-6112B8EBDE99}.Debug|Any CPU.ActiveCfg = Debug|Any CPU
		{6409076B-1153-44B8-927B-6112B8EBDE99}.Debug|Any CPU.Build.0 = Debug|Any CPU
		{6409076B-1153-44B8-927B-6112B8EBDE99}.Release|Any CPU.ActiveCfg = Release|Any CPU
		{6409076B-1153-44B8-927B-6112B8EBDE99}.Release|Any CPU.Build.0 = Release|Any CPU
		{D0C21C48-C253-41EB-A180-1253CA22381C}.Debug|Any CPU.ActiveCfg = Debug|Any CPU
		{D0C21C48-C253-41EB-A180-1253CA22381C}.Debug|Any CPU.Build.0 = Debug|Any CPU
		{D0C21C48-C253-41EB-A180-1253CA22381C}.Release|Any CPU.ActiveCfg = Release|Any CPU
		{D0C21C48-C253-41EB-A180-1253CA22381C}.Release|Any CPU.Build.0 = Release|Any CPU
		{23A7ABE8-82DE-401C-9410-6B5F545D456A}.Debug|Any CPU.ActiveCfg = Debug|Any CPU
		{23A7ABE8-82DE-401C-9410-6B5F545D456A}.Debug|Any CPU.Build.0 = Debug|Any CPU
		{23A7ABE8-82DE-401C-9410-6B5F545D456A}.Release|Any CPU.ActiveCfg = Release|Any CPU
		{23A7ABE8-82DE-401C-9410-6B5F545D456A}.Release|Any CPU.Build.0 = Release|Any CPU
		{8B09066A-48CC-41DF-959E-6A6BEB26DDCE}.Debug|Any CPU.ActiveCfg = Debug|Any CPU
		{8B09066A-48CC-41DF-959E-6A6BEB26DDCE}.Debug|Any CPU.Build.0 = Debug|Any CPU
		{8B09066A-48CC-41DF-959E-6A6BEB26DDCE}.Release|Any CPU.ActiveCfg = Release|Any CPU
		{8B09066A-48CC-41DF-959E-6A6BEB26DDCE}.Release|Any CPU.Build.0 = Release|Any CPU
		{C69C2016-5E68-45C7-8CB5-B4CD3B18E5BE}.Debug|Any CPU.ActiveCfg = Debug|Any CPU
		{C69C2016-5E68-45C7-8CB5-B4CD3B18E5BE}.Debug|Any CPU.Build.0 = Debug|Any CPU
		{C69C2016-5E68-45C7-8CB5-B4CD3B18E5BE}.Release|Any CPU.ActiveCfg = Release|Any CPU
		{C69C2016-5E68-45C7-8CB5-B4CD3B18E5BE}.Release|Any CPU.Build.0 = Release|Any CPU
		{FF1A9ED7-DCF0-4D48-8D97-D881B179AC99}.Debug|Any CPU.ActiveCfg = Debug|Any CPU
		{FF1A9ED7-DCF0-4D48-8D97-D881B179AC99}.Debug|Any CPU.Build.0 = Debug|Any CPU
		{FF1A9ED7-DCF0-4D48-8D97-D881B179AC99}.Release|Any CPU.ActiveCfg = Release|Any CPU
		{FF1A9ED7-DCF0-4D48-8D97-D881B179AC99}.Release|Any CPU.Build.0 = Release|Any CPU
		{AC2B5197-F445-4F64-ADD5-CDEC0C8C917F}.Debug|Any CPU.ActiveCfg = Debug|Any CPU
		{AC2B5197-F445-4F64-ADD5-CDEC0C8C917F}.Debug|Any CPU.Build.0 = Debug|Any CPU
		{AC2B5197-F445-4F64-ADD5-CDEC0C8C917F}.Release|Any CPU.ActiveCfg = Release|Any CPU
		{AC2B5197-F445-4F64-ADD5-CDEC0C8C917F}.Release|Any CPU.Build.0 = Release|Any CPU
		{BF278D8E-BEBB-4B37-998F-9EE5FB41F0CA}.Debug|Any CPU.ActiveCfg = Debug|Any CPU
		{BF278D8E-BEBB-4B37-998F-9EE5FB41F0CA}.Debug|Any CPU.Build.0 = Debug|Any CPU
		{BF278D8E-BEBB-4B37-998F-9EE5FB41F0CA}.Release|Any CPU.ActiveCfg = Release|Any CPU
		{BF278D8E-BEBB-4B37-998F-9EE5FB41F0CA}.Release|Any CPU.Build.0 = Release|Any CPU
		{01ECB809-0304-40FF-ADA9-04B2396E6CFA}.Debug|Any CPU.ActiveCfg = Debug|Any CPU
		{01ECB809-0304-40FF-ADA9-04B2396E6CFA}.Debug|Any CPU.Build.0 = Debug|Any CPU
		{01ECB809-0304-40FF-ADA9-04B2396E6CFA}.Release|Any CPU.ActiveCfg = Release|Any CPU
		{01ECB809-0304-40FF-ADA9-04B2396E6CFA}.Release|Any CPU.Build.0 = Release|Any CPU
		{64352605-3EAA-40BD-8B9B-6E3AA7FE8B77}.Debug|Any CPU.ActiveCfg = Debug|Any CPU
		{64352605-3EAA-40BD-8B9B-6E3AA7FE8B77}.Debug|Any CPU.Build.0 = Debug|Any CPU
		{64352605-3EAA-40BD-8B9B-6E3AA7FE8B77}.Release|Any CPU.ActiveCfg = Release|Any CPU
		{64352605-3EAA-40BD-8B9B-6E3AA7FE8B77}.Release|Any CPU.Build.0 = Release|Any CPU
		{A03F9812-81AB-4740-B2A6-B2425D5AD9F4}.Debug|Any CPU.ActiveCfg = Debug|Any CPU
		{A03F9812-81AB-4740-B2A6-B2425D5AD9F4}.Debug|Any CPU.Build.0 = Debug|Any CPU
		{A03F9812-81AB-4740-B2A6-B2425D5AD9F4}.Release|Any CPU.ActiveCfg = Release|Any CPU
		{A03F9812-81AB-4740-B2A6-B2425D5AD9F4}.Release|Any CPU.Build.0 = Release|Any CPU
		{637F82AB-3616-41ED-AF7E-8448BF58A75F}.Debug|Any CPU.ActiveCfg = Debug|Any CPU
		{637F82AB-3616-41ED-AF7E-8448BF58A75F}.Debug|Any CPU.Build.0 = Debug|Any CPU
		{637F82AB-3616-41ED-AF7E-8448BF58A75F}.Release|Any CPU.ActiveCfg = Release|Any CPU
		{637F82AB-3616-41ED-AF7E-8448BF58A75F}.Release|Any CPU.Build.0 = Release|Any CPU
		{5494F537-39D1-4F2D-8C32-20D8F9B2EBD8}.Debug|Any CPU.ActiveCfg = Debug|Any CPU
		{5494F537-39D1-4F2D-8C32-20D8F9B2EBD8}.Debug|Any CPU.Build.0 = Debug|Any CPU
		{5494F537-39D1-4F2D-8C32-20D8F9B2EBD8}.Release|Any CPU.ActiveCfg = Release|Any CPU
		{5494F537-39D1-4F2D-8C32-20D8F9B2EBD8}.Release|Any CPU.Build.0 = Release|Any CPU
		{B210DE66-7957-4FC0-AE23-331842D09B74}.Debug|Any CPU.ActiveCfg = Debug|Any CPU
		{B210DE66-7957-4FC0-AE23-331842D09B74}.Debug|Any CPU.Build.0 = Debug|Any CPU
		{B210DE66-7957-4FC0-AE23-331842D09B74}.Release|Any CPU.ActiveCfg = Release|Any CPU
		{B210DE66-7957-4FC0-AE23-331842D09B74}.Release|Any CPU.Build.0 = Release|Any CPU
		{260A54F5-2553-4CC7-A117-638D473E4238}.Debug|Any CPU.ActiveCfg = Debug|Any CPU
		{260A54F5-2553-4CC7-A117-638D473E4238}.Debug|Any CPU.Build.0 = Debug|Any CPU
		{260A54F5-2553-4CC7-A117-638D473E4238}.Release|Any CPU.ActiveCfg = Release|Any CPU
		{260A54F5-2553-4CC7-A117-638D473E4238}.Release|Any CPU.Build.0 = Release|Any CPU
		{B0E26C58-85BC-4049-A644-54B187E5364C}.Debug|Any CPU.ActiveCfg = Debug|Any CPU
		{B0E26C58-85BC-4049-A644-54B187E5364C}.Debug|Any CPU.Build.0 = Debug|Any CPU
		{B0E26C58-85BC-4049-A644-54B187E5364C}.Release|Any CPU.ActiveCfg = Release|Any CPU
		{B0E26C58-85BC-4049-A644-54B187E5364C}.Release|Any CPU.Build.0 = Release|Any CPU
		{2E9FF10F-B2CB-445D-A9AF-362DA418BA0E}.Debug|Any CPU.ActiveCfg = Debug|Any CPU
		{2E9FF10F-B2CB-445D-A9AF-362DA418BA0E}.Debug|Any CPU.Build.0 = Debug|Any CPU
		{2E9FF10F-B2CB-445D-A9AF-362DA418BA0E}.Release|Any CPU.ActiveCfg = Release|Any CPU
		{2E9FF10F-B2CB-445D-A9AF-362DA418BA0E}.Release|Any CPU.Build.0 = Release|Any CPU
		{34D89B43-24B8-4971-AE2D-DAE64749CD94}.Debug|Any CPU.ActiveCfg = Debug|Any CPU
		{34D89B43-24B8-4971-AE2D-DAE64749CD94}.Debug|Any CPU.Build.0 = Debug|Any CPU
		{34D89B43-24B8-4971-AE2D-DAE64749CD94}.Release|Any CPU.ActiveCfg = Release|Any CPU
		{34D89B43-24B8-4971-AE2D-DAE64749CD94}.Release|Any CPU.Build.0 = Release|Any CPU
		{393679F2-5889-4A59-8725-0C4D72DD0030}.Debug|Any CPU.ActiveCfg = Debug|Any CPU
		{393679F2-5889-4A59-8725-0C4D72DD0030}.Debug|Any CPU.Build.0 = Debug|Any CPU
		{393679F2-5889-4A59-8725-0C4D72DD0030}.Release|Any CPU.ActiveCfg = Release|Any CPU
		{393679F2-5889-4A59-8725-0C4D72DD0030}.Release|Any CPU.Build.0 = Release|Any CPU
	EndGlobalSection
	GlobalSection(SolutionProperties) = preSolution
		HideSolutionNode = FALSE
	EndGlobalSection
	GlobalSection(NestedProjects) = preSolution
		{6409076B-1153-44B8-927B-6112B8EBDE99} = {CB66A1A5-F1C3-44EE-AF1C-AE1F554D112C}
		{D0C21C48-C253-41EB-A180-1253CA22381C} = {CB66A1A5-F1C3-44EE-AF1C-AE1F554D112C}
		{23A7ABE8-82DE-401C-9410-6B5F545D456A} = {CB66A1A5-F1C3-44EE-AF1C-AE1F554D112C}
		{8B09066A-48CC-41DF-959E-6A6BEB26DDCE} = {CB66A1A5-F1C3-44EE-AF1C-AE1F554D112C}
		{C69C2016-5E68-45C7-8CB5-B4CD3B18E5BE} = {CB66A1A5-F1C3-44EE-AF1C-AE1F554D112C}
		{FF1A9ED7-DCF0-4D48-8D97-D881B179AC99} = {CD5521C0-18AD-4DE5-80A7-67019CEBBAA9}
		{AC2B5197-F445-4F64-ADD5-CDEC0C8C917F} = {CD5521C0-18AD-4DE5-80A7-67019CEBBAA9}
		{BF278D8E-BEBB-4B37-998F-9EE5FB41F0CA} = {CD5521C0-18AD-4DE5-80A7-67019CEBBAA9}
		{01ECB809-0304-40FF-ADA9-04B2396E6CFA} = {CD5521C0-18AD-4DE5-80A7-67019CEBBAA9}
		{64352605-3EAA-40BD-8B9B-6E3AA7FE8B77} = {CD5521C0-18AD-4DE5-80A7-67019CEBBAA9}
		{A03F9812-81AB-4740-B2A6-B2425D5AD9F4} = {CD5521C0-18AD-4DE5-80A7-67019CEBBAA9}
		{637F82AB-3616-41ED-AF7E-8448BF58A75F} = {CB66A1A5-F1C3-44EE-AF1C-AE1F554D112C}
		{5494F537-39D1-4F2D-8C32-20D8F9B2EBD8} = {CD5521C0-18AD-4DE5-80A7-67019CEBBAA9}
		{B210DE66-7957-4FC0-AE23-331842D09B74} = {CB66A1A5-F1C3-44EE-AF1C-AE1F554D112C}
		{260A54F5-2553-4CC7-A117-638D473E4238} = {CD5521C0-18AD-4DE5-80A7-67019CEBBAA9}
		{B0E26C58-85BC-4049-A644-54B187E5364C} = {7F96C47B-5794-4894-84A4-9B2A503FDF78}
		{68016019-4FE8-431D-8979-74E52D027597} = {CD5521C0-18AD-4DE5-80A7-67019CEBBAA9}
		{2E9FF10F-B2CB-445D-A9AF-362DA418BA0E} = {68016019-4FE8-431D-8979-74E52D027597}
		{34D89B43-24B8-4971-AE2D-DAE64749CD94} = {68016019-4FE8-431D-8979-74E52D027597}
		{393679F2-5889-4A59-8725-0C4D72DD0030} = {7F96C47B-5794-4894-84A4-9B2A503FDF78}
	EndGlobalSection
	GlobalSection(ExtensibilityGlobals) = postSolution
		SolutionGuid = {E5168B08-E11E-4542-9906-ABF3301A7AB6}
	EndGlobalSection
EndGlobal
