
Microsoft Visual Studio Solution File, Format Version 12.00
# Visual Studio Version 16
VisualStudioVersion = 16.0.29409.12
MinimumVisualStudioVersion = 10.0.40219.1
Project("{9A19103F-16F7-4668-BE54-9A1E7A4F7556}") = "KissLog", "KissLog\KissLog.csproj", "{53519D66-BD77-4363-A561-6CFFC17DF68A}"
EndProject
Project("{FAE04EC0-301F-11D3-BF4B-00C04F79EFBC}") = "KissLog.AspNet.Web", "KissLog.AspNet.Web\KissLog.AspNet.Web.csproj", "{E615DC5D-C0BE-4F23-B8CC-1680FA924245}"
EndProject
Project("{FAE04EC0-301F-11D3-BF4B-00C04F79EFBC}") = "KissLog.AspNet.Mvc", "KissLog.AspNet.Mvc\KissLog.AspNet.Mvc.csproj", "{053428B6-EED5-4A16-A94A-058C1A7D75C5}"
EndProject
Project("{FAE04EC0-301F-11D3-BF4B-00C04F79EFBC}") = "KissLog.AspNet.WebApi", "KissLog.AspNet.WebApi\KissLog.AspNet.WebApi.csproj", "{C6842EC5-2765-42FF-B64C-840518F33903}"
EndProject
Project("{9A19103F-16F7-4668-BE54-9A1E7A4F7556}") = "KissLog.AspNetCore", "KissLog.AspNetCore\KissLog.AspNetCore.csproj", "{AD2DFD6A-1C56-4D00-AE49-85FC80B7B40D}"
EndProject
Project("{9A19103F-16F7-4668-BE54-9A1E7A4F7556}") = "KissLog.Adapters.log4net", "KissLog.Adapters.log4net\KissLog.Adapters.log4net.csproj", "{6665AFB2-F772-4E7B-8C2B-B281C722A85E}"
EndProject
Project("{9A19103F-16F7-4668-BE54-9A1E7A4F7556}") = "KissLog.Adapters.NLog", "KissLog.Adapters.NLog\KissLog.Adapters.NLog.csproj", "{EB0F32E6-FDE7-407C-820E-75E8FCF9EF57}"
EndProject
Project("{9A19103F-16F7-4668-BE54-9A1E7A4F7556}") = "KissLog.Apis.v1", "KissLog.Apis.v1\KissLog.Apis.v1.csproj", "{5FE61AF6-73B0-4573-B254-7F29A48FA0C3}"
EndProject
Project("{9A19103F-16F7-4668-BE54-9A1E7A4F7556}") = "KissLog.CloudListeners", "KissLog.CloudListeners\KissLog.CloudListeners.csproj", "{7D496C09-40E1-4E3E-91D2-9DC115BC32E6}"
EndProject
Global
	GlobalSection(SolutionConfigurationPlatforms) = preSolution
		Debug|Any CPU = Debug|Any CPU
		Release|Any CPU = Release|Any CPU
	EndGlobalSection
	GlobalSection(ProjectConfigurationPlatforms) = postSolution
		{53519D66-BD77-4363-A561-6CFFC17DF68A}.Debug|Any CPU.ActiveCfg = Debug|Any CPU
		{53519D66-BD77-4363-A561-6CFFC17DF68A}.Debug|Any CPU.Build.0 = Debug|Any CPU
		{53519D66-BD77-4363-A561-6CFFC17DF68A}.Release|Any CPU.ActiveCfg = Release|Any CPU
		{53519D66-BD77-4363-A561-6CFFC17DF68A}.Release|Any CPU.Build.0 = Release|Any CPU
		{E615DC5D-C0BE-4F23-B8CC-1680FA924245}.Debug|Any CPU.ActiveCfg = Debug|Any CPU
		{E615DC5D-C0BE-4F23-B8CC-1680FA924245}.Debug|Any CPU.Build.0 = Debug|Any CPU
		{E615DC5D-C0BE-4F23-B8CC-1680FA924245}.Release|Any CPU.ActiveCfg = Release|Any CPU
		{E615DC5D-C0BE-4F23-B8CC-1680FA924245}.Release|Any CPU.Build.0 = Release|Any CPU
		{053428B6-EED5-4A16-A94A-058C1A7D75C5}.Debug|Any CPU.ActiveCfg = Debug|Any CPU
		{053428B6-EED5-4A16-A94A-058C1A7D75C5}.Debug|Any CPU.Build.0 = Debug|Any CPU
		{053428B6-EED5-4A16-A94A-058C1A7D75C5}.Release|Any CPU.ActiveCfg = Release|Any CPU
		{053428B6-EED5-4A16-A94A-058C1A7D75C5}.Release|Any CPU.Build.0 = Release|Any CPU
		{C6842EC5-2765-42FF-B64C-840518F33903}.Debug|Any CPU.ActiveCfg = Debug|Any CPU
		{C6842EC5-2765-42FF-B64C-840518F33903}.Debug|Any CPU.Build.0 = Debug|Any CPU
		{C6842EC5-2765-42FF-B64C-840518F33903}.Release|Any CPU.ActiveCfg = Release|Any CPU
		{C6842EC5-2765-42FF-B64C-840518F33903}.Release|Any CPU.Build.0 = Release|Any CPU
		{AD2DFD6A-1C56-4D00-AE49-85FC80B7B40D}.Debug|Any CPU.ActiveCfg = Debug|Any CPU
		{AD2DFD6A-1C56-4D00-AE49-85FC80B7B40D}.Debug|Any CPU.Build.0 = Debug|Any CPU
		{AD2DFD6A-1C56-4D00-AE49-85FC80B7B40D}.Release|Any CPU.ActiveCfg = Release|Any CPU
		{AD2DFD6A-1C56-4D00-AE49-85FC80B7B40D}.Release|Any CPU.Build.0 = Release|Any CPU
		{6665AFB2-F772-4E7B-8C2B-B281C722A85E}.Debug|Any CPU.ActiveCfg = Debug|Any CPU
		{6665AFB2-F772-4E7B-8C2B-B281C722A85E}.Debug|Any CPU.Build.0 = Debug|Any CPU
		{6665AFB2-F772-4E7B-8C2B-B281C722A85E}.Release|Any CPU.ActiveCfg = Release|Any CPU
		{6665AFB2-F772-4E7B-8C2B-B281C722A85E}.Release|Any CPU.Build.0 = Release|Any CPU
		{EB0F32E6-FDE7-407C-820E-75E8FCF9EF57}.Debug|Any CPU.ActiveCfg = Debug|Any CPU
		{EB0F32E6-FDE7-407C-820E-75E8FCF9EF57}.Debug|Any CPU.Build.0 = Debug|Any CPU
		{EB0F32E6-FDE7-407C-820E-75E8FCF9EF57}.Release|Any CPU.ActiveCfg = Release|Any CPU
		{EB0F32E6-FDE7-407C-820E-75E8FCF9EF57}.Release|Any CPU.Build.0 = Release|Any CPU
		{5FE61AF6-73B0-4573-B254-7F29A48FA0C3}.Debug|Any CPU.ActiveCfg = Debug|Any CPU
		{5FE61AF6-73B0-4573-B254-7F29A48FA0C3}.Debug|Any CPU.Build.0 = Debug|Any CPU
		{5FE61AF6-73B0-4573-B254-7F29A48FA0C3}.Release|Any CPU.ActiveCfg = Release|Any CPU
		{5FE61AF6-73B0-4573-B254-7F29A48FA0C3}.Release|Any CPU.Build.0 = Release|Any CPU
		{7D496C09-40E1-4E3E-91D2-9DC115BC32E6}.Debug|Any CPU.ActiveCfg = Debug|Any CPU
		{7D496C09-40E1-4E3E-91D2-9DC115BC32E6}.Debug|Any CPU.Build.0 = Debug|Any CPU
		{7D496C09-40E1-4E3E-91D2-9DC115BC32E6}.Release|Any CPU.ActiveCfg = Release|Any CPU
		{7D496C09-40E1-4E3E-91D2-9DC115BC32E6}.Release|Any CPU.Build.0 = Release|Any CPU
	EndGlobalSection
	GlobalSection(SolutionProperties) = preSolution
		HideSolutionNode = FALSE
	EndGlobalSection
	GlobalSection(ExtensibilityGlobals) = postSolution
		SolutionGuid = {23B1019C-D8AB-4CE7-ABB4-A03ED2DE3E2F}
	EndGlobalSection
EndGlobal
