
Microsoft Visual Studio Solution File, Format Version 12.00
# Visual Studio Version 16
VisualStudioVersion = 16.0.31105.61
MinimumVisualStudioVersion = 10.0.40219.1
Project("{FAE04EC0-301F-11D3-BF4B-00C04F79EFBC}") = "MongoDbListenerExample", "MongoDbListenerExample.csproj", "{F088D406-1301-4139-BB59-76E646B5EFC9}"
EndProject
Project("{9A19103F-16F7-4668-BE54-9A1E7A4F7556}") = "KissLog", "..\..\..\src\KissLog\KissLog.csproj", "{8A755247-C197-44F7-A7FC-B4D9535E5D60}"
EndProject
Project("{9A19103F-16F7-4668-BE54-9A1E7A4F7556}") = "KissLog.AspNetCore", "..\..\..\src\KissLog.AspNetCore\KissLog.AspNetCore.csproj", "{BF8E3D0B-5D31-4EC6-9258-22E338052D44}"
EndProject
Global
	GlobalSection(SolutionConfigurationPlatforms) = preSolution
		Debug|Any CPU = Debug|Any CPU
		Release|Any CPU = Release|Any CPU
	EndGlobalSection
	GlobalSection(ProjectConfigurationPlatforms) = postSolution
		{F088D406-1301-4139-BB59-76E646B5EFC9}.Debug|Any CPU.ActiveCfg = Debug|Any CPU
		{F088D406-1301-4139-BB59-76E646B5EFC9}.Debug|Any CPU.Build.0 = Debug|Any CPU
		{F088D406-1301-4139-BB59-76E646B5EFC9}.Release|Any CPU.ActiveCfg = Release|Any CPU
		{F088D406-1301-4139-BB59-76E646B5EFC9}.Release|Any CPU.Build.0 = Release|Any CPU
		{8A755247-C197-44F7-A7FC-B4D9535E5D60}.Debug|Any CPU.ActiveCfg = Debug|Any CPU
		{8A755247-C197-44F7-A7FC-B4D9535E5D60}.Debug|Any CPU.Build.0 = Debug|Any CPU
		{8A755247-C197-44F7-A7FC-B4D9535E5D60}.Release|Any CPU.ActiveCfg = Release|Any CPU
		{8A755247-C197-44F7-A7FC-B4D9535E5D60}.Release|Any CPU.Build.0 = Release|Any CPU
		{BF8E3D0B-5D31-4EC6-9258-22E338052D44}.Debug|Any CPU.ActiveCfg = Debug|Any CPU
		{BF8E3D0B-5D31-4EC6-9258-22E338052D44}.Debug|Any CPU.Build.0 = Debug|Any CPU
		{BF8E3D0B-5D31-4EC6-9258-22E338052D44}.Release|Any CPU.ActiveCfg = Release|Any CPU
		{BF8E3D0B-5D31-4EC6-9258-22E338052D44}.Release|Any CPU.Build.0 = Release|Any CPU
	EndGlobalSection
	GlobalSection(SolutionProperties) = preSolution
		HideSolutionNode = FALSE
	EndGlobalSection
	GlobalSection(ExtensibilityGlobals) = postSolution
		SolutionGuid = {541D00D3-4176-484D-9749-C05FAE4696D2}
	EndGlobalSection
EndGlobal
